// !$*UTF8*$!
{
	archiveVersion = 1;
	classes = {
	};
	objectVersion = 50;
	objects = {

/* Begin PBXBuildFile section */
		D61F3DF924EF9FB20038ED73 /* Payment.swift in Sources */ = {isa = PBXBuildFile; fileRef = D61F3DF824EF9FB20038ED73 /* Payment.swift */; };
		D61F3DFE24EFB4B70038ED73 /* AlertManager.swift in Sources */ = {isa = PBXBuildFile; fileRef = D61F3DFD24EFB4B70038ED73 /* AlertManager.swift */; };
		D62E352F24E6CD11004F4C3A /* UserEntity.swift in Sources */ = {isa = PBXBuildFile; fileRef = D62E352E24E6CD11004F4C3A /* UserEntity.swift */; };
		D62E353224E6CF27004F4C3A /* UserCoreDataManager.swift in Sources */ = {isa = PBXBuildFile; fileRef = D62E353124E6CF27004F4C3A /* UserCoreDataManager.swift */; };
		D62E353424E6D19F004F4C3A /* BaseCoreDataManager.swift in Sources */ = {isa = PBXBuildFile; fileRef = D62E353324E6D19F004F4C3A /* BaseCoreDataManager.swift */; };
		D62E353624E7EDD8004F4C3A /* TabBarController.swift in Sources */ = {isa = PBXBuildFile; fileRef = D62E353524E7EDD8004F4C3A /* TabBarController.swift */; };
		D62E353924E7FBEE004F4C3A /* MainBar.swift in Sources */ = {isa = PBXBuildFile; fileRef = D62E353824E7FBEE004F4C3A /* MainBar.swift */; };
		D62E353C24E83234004F4C3A /* ProfileViewController.swift in Sources */ = {isa = PBXBuildFile; fileRef = D62E353B24E83234004F4C3A /* ProfileViewController.swift */; };
		D66F1FE524E6A8C300C35C8C /* RegisterViewController.swift in Sources */ = {isa = PBXBuildFile; fileRef = D66F1FE424E6A8C300C35C8C /* RegisterViewController.swift */; };
		D66F1FE924E6B9DD00C35C8C /* User.swift in Sources */ = {isa = PBXBuildFile; fileRef = D66F1FE824E6B9DD00C35C8C /* User.swift */; };
		D67B2BAF24EE69C0005D1E09 /* AddTransactionViewController.swift in Sources */ = {isa = PBXBuildFile; fileRef = D67B2BAE24EE69C0005D1E09 /* AddTransactionViewController.swift */; };
		D67B2BB624EEC140005D1E09 /* Main.storyboard in Resources */ = {isa = PBXBuildFile; fileRef = D67B2BB424EEC140005D1E09 /* Main.storyboard */; };
		D6BB252C24E5B94300E814C8 /* AppDelegate.swift in Sources */ = {isa = PBXBuildFile; fileRef = D6BB252B24E5B94300E814C8 /* AppDelegate.swift */; };
		D6BB253424E5B94300E814C8 /* ExpenseTracker.xcdatamodeld in Sources */ = {isa = PBXBuildFile; fileRef = D6BB253224E5B94300E814C8 /* ExpenseTracker.xcdatamodeld */; };
		D6BB253624E5B94300E814C8 /* Assets.xcassets in Resources */ = {isa = PBXBuildFile; fileRef = D6BB253524E5B94300E814C8 /* Assets.xcassets */; };
		D6BB253924E5B94300E814C8 /* LaunchScreen.storyboard in Resources */ = {isa = PBXBuildFile; fileRef = D6BB253724E5B94300E814C8 /* LaunchScreen.storyboard */; };
		D6EC311E24EFE28200ABE463 /* PaymentEntity.swift in Sources */ = {isa = PBXBuildFile; fileRef = D6EC311D24EFE28200ABE463 /* PaymentEntity.swift */; };
		D6EC312024EFEF1100ABE463 /* PaymentCoreDataManager.swift in Sources */ = {isa = PBXBuildFile; fileRef = D6EC311F24EFEF1100ABE463 /* PaymentCoreDataManager.swift */; };
/* End PBXBuildFile section */

/* Begin PBXFileReference section */
		D61F3DF824EF9FB20038ED73 /* Payment.swift */ = {isa = PBXFileReference; lastKnownFileType = sourcecode.swift; path = Payment.swift; sourceTree = "<group>"; };
		D61F3DFD24EFB4B70038ED73 /* AlertManager.swift */ = {isa = PBXFileReference; lastKnownFileType = sourcecode.swift; path = AlertManager.swift; sourceTree = "<group>"; };
		D62E352E24E6CD11004F4C3A /* UserEntity.swift */ = {isa = PBXFileReference; lastKnownFileType = sourcecode.swift; path = UserEntity.swift; sourceTree = "<group>"; };
		D62E353124E6CF27004F4C3A /* UserCoreDataManager.swift */ = {isa = PBXFileReference; lastKnownFileType = sourcecode.swift; path = UserCoreDataManager.swift; sourceTree = "<group>"; };
		D62E353324E6D19F004F4C3A /* BaseCoreDataManager.swift */ = {isa = PBXFileReference; lastKnownFileType = sourcecode.swift; path = BaseCoreDataManager.swift; sourceTree = "<group>"; };
		D62E353524E7EDD8004F4C3A /* TabBarController.swift */ = {isa = PBXFileReference; lastKnownFileType = sourcecode.swift; path = TabBarController.swift; sourceTree = "<group>"; };
		D62E353824E7FBEE004F4C3A /* MainBar.swift */ = {isa = PBXFileReference; lastKnownFileType = sourcecode.swift; path = MainBar.swift; sourceTree = "<group>"; };
		D62E353B24E83234004F4C3A /* ProfileViewController.swift */ = {isa = PBXFileReference; lastKnownFileType = sourcecode.swift; path = ProfileViewController.swift; sourceTree = "<group>"; };
		D66F1FE424E6A8C300C35C8C /* RegisterViewController.swift */ = {isa = PBXFileReference; lastKnownFileType = sourcecode.swift; path = RegisterViewController.swift; sourceTree = "<group>"; };
		D66F1FE824E6B9DD00C35C8C /* User.swift */ = {isa = PBXFileReference; lastKnownFileType = sourcecode.swift; path = User.swift; sourceTree = "<group>"; };
		D67B2BAE24EE69C0005D1E09 /* AddTransactionViewController.swift */ = {isa = PBXFileReference; lastKnownFileType = sourcecode.swift; path = AddTransactionViewController.swift; sourceTree = "<group>"; };
		D67B2BB524EEC140005D1E09 /* Base */ = {isa = PBXFileReference; lastKnownFileType = file.storyboard; name = Base; path = Base.lproj/Main.storyboard; sourceTree = "<group>"; };
		D6BB252824E5B94300E814C8 /* ExpenseTracker.app */ = {isa = PBXFileReference; explicitFileType = wrapper.application; includeInIndex = 0; path = ExpenseTracker.app; sourceTree = BUILT_PRODUCTS_DIR; };
		D6BB252B24E5B94300E814C8 /* AppDelegate.swift */ = {isa = PBXFileReference; lastKnownFileType = sourcecode.swift; path = AppDelegate.swift; sourceTree = "<group>"; };
		D6BB253324E5B94300E814C8 /* ExpenseTracker.xcdatamodel */ = {isa = PBXFileReference; lastKnownFileType = wrapper.xcdatamodel; path = ExpenseTracker.xcdatamodel; sourceTree = "<group>"; };
		D6BB253524E5B94300E814C8 /* Assets.xcassets */ = {isa = PBXFileReference; lastKnownFileType = folder.assetcatalog; path = Assets.xcassets; sourceTree = "<group>"; };
		D6BB253824E5B94300E814C8 /* Base */ = {isa = PBXFileReference; lastKnownFileType = file.storyboard; name = Base; path = Base.lproj/LaunchScreen.storyboard; sourceTree = "<group>"; };
		D6BB253A24E5B94300E814C8 /* Info.plist */ = {isa = PBXFileReference; lastKnownFileType = text.plist.xml; path = Info.plist; sourceTree = "<group>"; };
		D6EC311D24EFE28200ABE463 /* PaymentEntity.swift */ = {isa = PBXFileReference; lastKnownFileType = sourcecode.swift; path = PaymentEntity.swift; sourceTree = "<group>"; };
		D6EC311F24EFEF1100ABE463 /* PaymentCoreDataManager.swift */ = {isa = PBXFileReference; lastKnownFileType = sourcecode.swift; path = PaymentCoreDataManager.swift; sourceTree = "<group>"; };
/* End PBXFileReference section */

/* Begin PBXFrameworksBuildPhase section */
		D6BB252524E5B94300E814C8 /* Frameworks */ = {
			isa = PBXFrameworksBuildPhase;
			buildActionMask = 2147483647;
			files = (
			);
			runOnlyForDeploymentPostprocessing = 0;
		};
/* End PBXFrameworksBuildPhase section */

/* Begin PBXGroup section */
		D61F3DFA24EF9FB70038ED73 /* Transaction */ = {
			isa = PBXGroup;
			children = (
				D61F3DF824EF9FB20038ED73 /* Payment.swift */,
			);
			path = Transaction;
			sourceTree = "<group>";
		};
		D61F3DFB24EFB49C0038ED73 /* CoreData */ = {
			isa = PBXGroup;
			children = (
				D62E353324E6D19F004F4C3A /* BaseCoreDataManager.swift */,
				D62E353124E6CF27004F4C3A /* UserCoreDataManager.swift */,
				D6EC311F24EFEF1100ABE463 /* PaymentCoreDataManager.swift */,
			);
			path = CoreData;
			sourceTree = "<group>";
		};
		D61F3DFC24EFB4A80038ED73 /* Alert */ = {
			isa = PBXGroup;
			children = (
				D61F3DFD24EFB4B70038ED73 /* AlertManager.swift */,
			);
			path = Alert;
			sourceTree = "<group>";
		};
		D62E352D24E6CD01004F4C3A /* DataBaseModels */ = {
			isa = PBXGroup;
			children = (
				D62E352E24E6CD11004F4C3A /* UserEntity.swift */,
				D6BB253224E5B94300E814C8 /* ExpenseTracker.xcdatamodeld */,
				D6EC311D24EFE28200ABE463 /* PaymentEntity.swift */,
			);
			path = DataBaseModels;
			sourceTree = "<group>";
		};
		D62E353024E6CF10004F4C3A /* Managers */ = {
			isa = PBXGroup;
			children = (
				D6EC311C24EFE0ED00ABE463 /* DataManager */,
				D61F3DFC24EFB4A80038ED73 /* Alert */,
				D61F3DFB24EFB49C0038ED73 /* CoreData */,
			);
			path = Managers;
			sourceTree = "<group>";
		};
		D62E353724E7FBD7004F4C3A /* TabBar */ = {
			isa = PBXGroup;
			children = (
				D62E353524E7EDD8004F4C3A /* TabBarController.swift */,
				D62E353824E7FBEE004F4C3A /* MainBar.swift */,
			);
			path = TabBar;
			sourceTree = "<group>";
		};
		D62E353A24E83215004F4C3A /* Profile */ = {
			isa = PBXGroup;
			children = (
				D62E353B24E83234004F4C3A /* ProfileViewController.swift */,
			);
			path = Profile;
			sourceTree = "<group>";
		};
		D62E353D24E8327C004F4C3A /* Registration */ = {
			isa = PBXGroup;
			children = (
				D66F1FE424E6A8C300C35C8C /* RegisterViewController.swift */,
			);
			path = Registration;
			sourceTree = "<group>";
		};
		D66F1FE624E6A8CD00C35C8C /* HelpFiles */ = {
			isa = PBXGroup;
			children = (
				D6BB252B24E5B94300E814C8 /* AppDelegate.swift */,
			);
			path = HelpFiles;
			sourceTree = "<group>";
		};
		D66F1FE724E6B9D100C35C8C /* User */ = {
			isa = PBXGroup;
			children = (
				D66F1FE824E6B9DD00C35C8C /* User.swift */,
			);
			path = User;
			sourceTree = "<group>";
		};
		D67B2BAD24EE69A3005D1E09 /* Transactions */ = {
			isa = PBXGroup;
			children = (
				D67B2BAE24EE69C0005D1E09 /* AddTransactionViewController.swift */,
			);
			path = Transactions;
			sourceTree = "<group>";
		};
		D6BB251F24E5B94300E814C8 = {
			isa = PBXGroup;
			children = (
				D6BB252A24E5B94300E814C8 /* ExpenseTracker */,
				D6BB252924E5B94300E814C8 /* Products */,
			);
			sourceTree = "<group>";
		};
		D6BB252924E5B94300E814C8 /* Products */ = {
			isa = PBXGroup;
			children = (
				D6BB252824E5B94300E814C8 /* ExpenseTracker.app */,
			);
			name = Products;
			sourceTree = "<group>";
		};
		D6BB252A24E5B94300E814C8 /* ExpenseTracker */ = {
			isa = PBXGroup;
			children = (
				D62E353024E6CF10004F4C3A /* Managers */,
				D62E352D24E6CD01004F4C3A /* DataBaseModels */,
				D66F1FE624E6A8CD00C35C8C /* HelpFiles */,
				D6BB254224E5BA0500E814C8 /* Controller */,
				D6BB254124E5B9F200E814C8 /* View */,
				D6BB254024E5B9EC00E814C8 /* Model */,
				D6BB253524E5B94300E814C8 /* Assets.xcassets */,
				D6BB253A24E5B94300E814C8 /* Info.plist */,
			);
			path = ExpenseTracker;
			sourceTree = "<group>";
		};
		D6BB254024E5B9EC00E814C8 /* Model */ = {
			isa = PBXGroup;
			children = (
				D61F3DFA24EF9FB70038ED73 /* Transaction */,
				D66F1FE724E6B9D100C35C8C /* User */,
			);
			path = Model;
			sourceTree = "<group>";
		};
		D6BB254124E5B9F200E814C8 /* View */ = {
			isa = PBXGroup;
			children = (
				D6BB253724E5B94300E814C8 /* LaunchScreen.storyboard */,
				D67B2BB424EEC140005D1E09 /* Main.storyboard */,
			);
			path = View;
			sourceTree = "<group>";
		};
		D6BB254224E5BA0500E814C8 /* Controller */ = {
			isa = PBXGroup;
			children = (
				D67B2BAD24EE69A3005D1E09 /* Transactions */,
				D62E353D24E8327C004F4C3A /* Registration */,
				D62E353A24E83215004F4C3A /* Profile */,
				D62E353724E7FBD7004F4C3A /* TabBar */,
			);
			path = Controller;
			sourceTree = "<group>";
		};
		D6EC311C24EFE0ED00ABE463 /* DataManager */ = {
			isa = PBXGroup;
			children = (
			);
			path = DataManager;
			sourceTree = "<group>";
		};
/* End PBXGroup section */

/* Begin PBXNativeTarget section */
		D6BB252724E5B94300E814C8 /* ExpenseTracker */ = {
			isa = PBXNativeTarget;
			buildConfigurationList = D6BB253D24E5B94300E814C8 /* Build configuration list for PBXNativeTarget "ExpenseTracker" */;
			buildPhases = (
				D6BB252424E5B94300E814C8 /* Sources */,
				D6BB252524E5B94300E814C8 /* Frameworks */,
				D6BB252624E5B94300E814C8 /* Resources */,
			);
			buildRules = (
			);
			dependencies = (
			);
			name = ExpenseTracker;
			productName = ExpenseTracker;
			productReference = D6BB252824E5B94300E814C8 /* ExpenseTracker.app */;
			productType = "com.apple.product-type.application";
		};
/* End PBXNativeTarget section */

/* Begin PBXProject section */
		D6BB252024E5B94300E814C8 /* Project object */ = {
			isa = PBXProject;
			attributes = {
				LastSwiftUpdateCheck = 1020;
				LastUpgradeCheck = 1020;
				ORGANIZATIONNAME = "Apple Deveopment";
				TargetAttributes = {
					D6BB252724E5B94300E814C8 = {
						CreatedOnToolsVersion = 10.2.1;
					};
				};
			};
			buildConfigurationList = D6BB252324E5B94300E814C8 /* Build configuration list for PBXProject "ExpenseTracker" */;
			compatibilityVersion = "Xcode 9.3";
			developmentRegion = en;
			hasScannedForEncodings = 0;
			knownRegions = (
				en,
				Base,
			);
			mainGroup = D6BB251F24E5B94300E814C8;
			productRefGroup = D6BB252924E5B94300E814C8 /* Products */;
			projectDirPath = "";
			projectRoot = "";
			targets = (
				D6BB252724E5B94300E814C8 /* ExpenseTracker */,
			);
		};
/* End PBXProject section */

/* Begin PBXResourcesBuildPhase section */
		D6BB252624E5B94300E814C8 /* Resources */ = {
			isa = PBXResourcesBuildPhase;
			buildActionMask = 2147483647;
			files = (
				D6BB253924E5B94300E814C8 /* LaunchScreen.storyboard in Resources */,
				D6BB253624E5B94300E814C8 /* Assets.xcassets in Resources */,
				D67B2BB624EEC140005D1E09 /* Main.storyboard in Resources */,
			);
			runOnlyForDeploymentPostprocessing = 0;
		};
/* End PBXResourcesBuildPhase section */

/* Begin PBXSourcesBuildPhase section */
		D6BB252424E5B94300E814C8 /* Sources */ = {
			isa = PBXSourcesBuildPhase;
			buildActionMask = 2147483647;
			files = (
				D62E353224E6CF27004F4C3A /* UserCoreDataManager.swift in Sources */,
				D6EC312024EFEF1100ABE463 /* PaymentCoreDataManager.swift in Sources */,
				D62E353924E7FBEE004F4C3A /* MainBar.swift in Sources */,
				D61F3DF924EF9FB20038ED73 /* Payment.swift in Sources */,
				D62E353C24E83234004F4C3A /* ProfileViewController.swift in Sources */,
				D67B2BAF24EE69C0005D1E09 /* AddTransactionViewController.swift in Sources */,
				D61F3DFE24EFB4B70038ED73 /* AlertManager.swift in Sources */,
				D62E353624E7EDD8004F4C3A /* TabBarController.swift in Sources */,
				D6EC311E24EFE28200ABE463 /* PaymentEntity.swift in Sources */,
				D66F1FE924E6B9DD00C35C8C /* User.swift in Sources */,
				D66F1FE524E6A8C300C35C8C /* RegisterViewController.swift in Sources */,
				D6BB253424E5B94300E814C8 /* ExpenseTracker.xcdatamodeld in Sources */,
				D62E353424E6D19F004F4C3A /* BaseCoreDataManager.swift in Sources */,
				D62E352F24E6CD11004F4C3A /* UserEntity.swift in Sources */,
				D6BB252C24E5B94300E814C8 /* AppDelegate.swift in Sources */,
			);
			runOnlyForDeploymentPostprocessing = 0;
		};
/* End PBXSourcesBuildPhase section */

/* Begin PBXVariantGroup section */
		D67B2BB424EEC140005D1E09 /* Main.storyboard */ = {
			isa = PBXVariantGroup;
			children = (
				D67B2BB524EEC140005D1E09 /* Base */,
			);
			name = Main.storyboard;
			sourceTree = "<group>";
		};
		D6BB253724E5B94300E814C8 /* LaunchScreen.storyboard */ = {
			isa = PBXVariantGroup;
			children = (
				D6BB253824E5B94300E814C8 /* Base */,
			);
			name = LaunchScreen.storyboard;
			sourceTree = "<group>";
		};
/* End PBXVariantGroup section */

/* Begin XCBuildConfiguration section */
		D6BB253B24E5B94300E814C8 /* Debug */ = {
			isa = XCBuildConfiguration;
			buildSettings = {
				ALWAYS_SEARCH_USER_PATHS = NO;
				CLANG_ANALYZER_NONNULL = YES;
				CLANG_ANALYZER_NUMBER_OBJECT_CONVERSION = YES_AGGRESSIVE;
				CLANG_CXX_LANGUAGE_STANDARD = "gnu++14";
				CLANG_CXX_LIBRARY = "libc++";
				CLANG_ENABLE_MODULES = YES;
				CLANG_ENABLE_OBJC_ARC = YES;
				CLANG_ENABLE_OBJC_WEAK = YES;
				CLANG_WARN_BLOCK_CAPTURE_AUTORELEASING = YES;
				CLANG_WARN_BOOL_CONVERSION = YES;
				CLANG_WARN_COMMA = YES;
				CLANG_WARN_CONSTANT_CONVERSION = YES;
				CLANG_WARN_DEPRECATED_OBJC_IMPLEMENTATIONS = YES;
				CLANG_WARN_DIRECT_OBJC_ISA_USAGE = YES_ERROR;
				CLANG_WARN_DOCUMENTATION_COMMENTS = YES;
				CLANG_WARN_EMPTY_BODY = YES;
				CLANG_WARN_ENUM_CONVERSION = YES;
				CLANG_WARN_INFINITE_RECURSION = YES;
				CLANG_WARN_INT_CONVERSION = YES;
				CLANG_WARN_NON_LITERAL_NULL_CONVERSION = YES;
				CLANG_WARN_OBJC_IMPLICIT_RETAIN_SELF = YES;
				CLANG_WARN_OBJC_LITERAL_CONVERSION = YES;
				CLANG_WARN_OBJC_ROOT_CLASS = YES_ERROR;
				CLANG_WARN_RANGE_LOOP_ANALYSIS = YES;
				CLANG_WARN_STRICT_PROTOTYPES = YES;
				CLANG_WARN_SUSPICIOUS_MOVE = YES;
				CLANG_WARN_UNGUARDED_AVAILABILITY = YES_AGGRESSIVE;
				CLANG_WARN_UNREACHABLE_CODE = YES;
				CLANG_WARN__DUPLICATE_METHOD_MATCH = YES;
				CODE_SIGN_IDENTITY = "iPhone Developer";
				COPY_PHASE_STRIP = NO;
				DEBUG_INFORMATION_FORMAT = dwarf;
				ENABLE_STRICT_OBJC_MSGSEND = YES;
				ENABLE_TESTABILITY = YES;
				GCC_C_LANGUAGE_STANDARD = gnu11;
				GCC_DYNAMIC_NO_PIC = NO;
				GCC_NO_COMMON_BLOCKS = YES;
				GCC_OPTIMIZATION_LEVEL = 0;
				GCC_PREPROCESSOR_DEFINITIONS = (
					"DEBUG=1",
					"$(inherited)",
				);
				GCC_WARN_64_TO_32_BIT_CONVERSION = YES;
				GCC_WARN_ABOUT_RETURN_TYPE = YES_ERROR;
				GCC_WARN_UNDECLARED_SELECTOR = YES;
				GCC_WARN_UNINITIALIZED_AUTOS = YES_AGGRESSIVE;
				GCC_WARN_UNUSED_FUNCTION = YES;
				GCC_WARN_UNUSED_VARIABLE = YES;
				IPHONEOS_DEPLOYMENT_TARGET = 12.2;
				MTL_ENABLE_DEBUG_INFO = INCLUDE_SOURCE;
				MTL_FAST_MATH = YES;
				ONLY_ACTIVE_ARCH = YES;
				SDKROOT = iphoneos;
				SWIFT_ACTIVE_COMPILATION_CONDITIONS = DEBUG;
				SWIFT_OPTIMIZATION_LEVEL = "-Onone";
			};
			name = Debug;
		};
		D6BB253C24E5B94300E814C8 /* Release */ = {
			isa = XCBuildConfiguration;
			buildSettings = {
				ALWAYS_SEARCH_USER_PATHS = NO;
				CLANG_ANALYZER_NONNULL = YES;
				CLANG_ANALYZER_NUMBER_OBJECT_CONVERSION = YES_AGGRESSIVE;
				CLANG_CXX_LANGUAGE_STANDARD = "gnu++14";
				CLANG_CXX_LIBRARY = "libc++";
				CLANG_ENABLE_MODULES = YES;
				CLANG_ENABLE_OBJC_ARC = YES;
				CLANG_ENABLE_OBJC_WEAK = YES;
				CLANG_WARN_BLOCK_CAPTURE_AUTORELEASING = YES;
				CLANG_WARN_BOOL_CONVERSION = YES;
				CLANG_WARN_COMMA = YES;
				CLANG_WARN_CONSTANT_CONVERSION = YES;
				CLANG_WARN_DEPRECATED_OBJC_IMPLEMENTATIONS = YES;
				CLANG_WARN_DIRECT_OBJC_ISA_USAGE = YES_ERROR;
				CLANG_WARN_DOCUMENTATION_COMMENTS = YES;
				CLANG_WARN_EMPTY_BODY = YES;
				CLANG_WARN_ENUM_CONVERSION = YES;
				CLANG_WARN_INFINITE_RECURSION = YES;
				CLANG_WARN_INT_CONVERSION = YES;
				CLANG_WARN_NON_LITERAL_NULL_CONVERSION = YES;
				CLANG_WARN_OBJC_IMPLICIT_RETAIN_SELF = YES;
				CLANG_WARN_OBJC_LITERAL_CONVERSION = YES;
				CLANG_WARN_OBJC_ROOT_CLASS = YES_ERROR;
				CLANG_WARN_RANGE_LOOP_ANALYSIS = YES;
				CLANG_WARN_STRICT_PROTOTYPES = YES;
				CLANG_WARN_SUSPICIOUS_MOVE = YES;
				CLANG_WARN_UNGUARDED_AVAILABILITY = YES_AGGRESSIVE;
				CLANG_WARN_UNREACHABLE_CODE = YES;
				CLANG_WARN__DUPLICATE_METHOD_MATCH = YES;
				CODE_SIGN_IDENTITY = "iPhone Developer";
				COPY_PHASE_STRIP = NO;
				DEBUG_INFORMATION_FORMAT = "dwarf-with-dsym";
				ENABLE_NS_ASSERTIONS = NO;
				ENABLE_STRICT_OBJC_MSGSEND = YES;
				GCC_C_LANGUAGE_STANDARD = gnu11;
				GCC_NO_COMMON_BLOCKS = YES;
				GCC_WARN_64_TO_32_BIT_CONVERSION = YES;
				GCC_WARN_ABOUT_RETURN_TYPE = YES_ERROR;
				GCC_WARN_UNDECLARED_SELECTOR = YES;
				GCC_WARN_UNINITIALIZED_AUTOS = YES_AGGRESSIVE;
				GCC_WARN_UNUSED_FUNCTION = YES;
				GCC_WARN_UNUSED_VARIABLE = YES;
				IPHONEOS_DEPLOYMENT_TARGET = 12.2;
				MTL_ENABLE_DEBUG_INFO = NO;
				MTL_FAST_MATH = YES;
				SDKROOT = iphoneos;
				SWIFT_COMPILATION_MODE = wholemodule;
				SWIFT_OPTIMIZATION_LEVEL = "-O";
				VALIDATE_PRODUCT = YES;
			};
			name = Release;
		};
		D6BB253E24E5B94300E814C8 /* Debug */ = {
			isa = XCBuildConfiguration;
			buildSettings = {
				ASSETCATALOG_COMPILER_APPICON_NAME = AppIcon;
				CODE_SIGN_STYLE = Automatic;
				DEVELOPMENT_TEAM = 9P728XVTZK;
				INFOPLIST_FILE = ExpenseTracker/Info.plist;
				IPHONEOS_DEPLOYMENT_TARGET = 11.1;
				LD_RUNPATH_SEARCH_PATHS = (
					"$(inherited)",
					"@executable_path/Frameworks",
				);
				PRODUCT_BUNDLE_IDENTIFIER = Sashazak.ExpenseTracker;
				PRODUCT_NAME = "$(TARGET_NAME)";
				SWIFT_VERSION = 5.0;
				TARGETED_DEVICE_FAMILY = "1,2";
			};
			name = Debug;
		};
		D6BB253F24E5B94300E814C8 /* Release */ = {
			isa = XCBuildConfiguration;
			buildSettings = {
				ASSETCATALOG_COMPILER_APPICON_NAME = AppIcon;
				CODE_SIGN_STYLE = Automatic;
				DEVELOPMENT_TEAM = 9P728XVTZK;
				INFOPLIST_FILE = ExpenseTracker/Info.plist;
				IPHONEOS_DEPLOYMENT_TARGET = 11.1;
				LD_RUNPATH_SEARCH_PATHS = (
					"$(inherited)",
					"@executable_path/Frameworks",
				);
				PRODUCT_BUNDLE_IDENTIFIER = Sashazak.ExpenseTracker;
				PRODUCT_NAME = "$(TARGET_NAME)";
				SWIFT_VERSION = 5.0;
				TARGETED_DEVICE_FAMILY = "1,2";
			};
			name = Release;
		};
/* End XCBuildConfiguration section */

/* Begin XCConfigurationList section */
		D6BB252324E5B94300E814C8 /* Build configuration list for PBXProject "ExpenseTracker" */ = {
			isa = XCConfigurationList;
			buildConfigurations = (
				D6BB253B24E5B94300E814C8 /* Debug */,
				D6BB253C24E5B94300E814C8 /* Release */,
			);
			defaultConfigurationIsVisible = 0;
			defaultConfigurationName = Release;
		};
		D6BB253D24E5B94300E814C8 /* Build configuration list for PBXNativeTarget "ExpenseTracker" */ = {
			isa = XCConfigurationList;
			buildConfigurations = (
				D6BB253E24E5B94300E814C8 /* Debug */,
				D6BB253F24E5B94300E814C8 /* Release */,
			);
			defaultConfigurationIsVisible = 0;
			defaultConfigurationName = Release;
		};
/* End XCConfigurationList section */

/* Begin XCVersionGroup section */
		D6BB253224E5B94300E814C8 /* ExpenseTracker.xcdatamodeld */ = {
			isa = XCVersionGroup;
			children = (
				D6BB253324E5B94300E814C8 /* ExpenseTracker.xcdatamodel */,
			);
			currentVersion = D6BB253324E5B94300E814C8 /* ExpenseTracker.xcdatamodel */;
			path = ExpenseTracker.xcdatamodeld;
			sourceTree = "<group>";
			versionGroupType = wrapper.xcdatamodel;
		};
/* End XCVersionGroup section */
	};
	rootObject = D6BB252024E5B94300E814C8 /* Project object */;
}
